
Microsoft Visual Studio Solution File, Format Version 12.00
# Visual Studio Version 16
VisualStudioVersion = 16.0.29326.143
MinimumVisualStudioVersion = 10.0.40219.1
Project("{FAE04EC0-301F-11D3-BF4B-00C04F79EFBC}") = "ImageViewerASP", "ImageViewerASP\ImageViewerASP.csproj", "{2CB5D8D7-09B8-4409-9807-F117DC91D03E}"
EndProject
Global
	GlobalSection(SolutionConfigurationPlatforms) = preSolution
		Debug|Any CPU = Debug|Any CPU
		Release|Any CPU = Release|Any CPU
	EndGlobalSection
	GlobalSection(ProjectConfigurationPlatforms) = postSolution
		{2CB5D8D7-09B8-4409-9807-F117DC91D03E}.Debug|Any CPU.ActiveCfg = Debug|Any CPU
		{2CB5D8D7-09B8-4409-9807-F117DC91D03E}.Debug|Any CPU.Build.0 = Debug|Any CPU
		{2CB5D8D7-09B8-4409-9807-F117DC91D03E}.Release|Any CPU.ActiveCfg = Release|Any CPU
		{2CB5D8D7-09B8-4409-9807-F117DC91D03E}.Release|Any CPU.Build.0 = Release|Any CPU
	EndGlobalSection
	GlobalSection(SolutionProperties) = preSolution
		HideSolutionNode = FALSE
	EndGlobalSection
	GlobalSection(ExtensibilityGlobals) = postSolution
		SolutionGuid = {A4382D93-BE3E-4A14-95DA-92467FB6482B}
	EndGlobalSection
EndGlobal
